{
  "nodes": {
    "auto-cpufreq": {
      "inputs": {
        "nixpkgs": [
          "nixpkgs"
        ]
      },
      "locked": {
        "lastModified": 1744578060,
        "narHash": "sha256-ApX5u3aXtmthemPSnZls/oxvqpNR7C9t4Ut57MTvces=",
        "owner": "AdnanHodzic",
        "repo": "auto-cpufreq",
        "rev": "b6493edc7033beac216b8836af4994e56c6682f4",
        "type": "github"
      },
      "original": {
        "owner": "AdnanHodzic",
        "repo": "auto-cpufreq",
        "type": "github"
      }
    },
    "flake-compat": {
      "flake": false,
      "locked": {
        "lastModified": 1717312683,
        "narHash": "sha256-FrlieJH50AuvagamEvWMIE6D2OAnERuDboFDYAED/dE=",
        "owner": "nix-community",
        "repo": "flake-compat",
        "rev": "38fd3954cf65ce6faf3d0d45cd26059e059f07ea",
        "type": "github"
      },
      "original": {
        "owner": "nix-community",
        "repo": "flake-compat",
        "type": "github"
      }
    },
    "flake-parts": {
      "inputs": {
        "nixpkgs-lib": [
          "nixvim",
          "nixpkgs"
        ]
      },
      "locked": {
        "lastModified": 1743550720,
        "narHash": "sha256-hIshGgKZCgWh6AYJpJmRgFdR3WUbkY04o82X05xqQiY=",
        "owner": "hercules-ci",
        "repo": "flake-parts",
        "rev": "c621e8422220273271f52058f618c94e405bb0f5",
        "type": "github"
      },
      "original": {
        "owner": "hercules-ci",
        "repo": "flake-parts",
        "type": "github"
      }
    },
    "flake-utils": {
      "inputs": {
        "systems": "systems"
      },
      "locked": {
        "lastModified": 1731533236,
        "narHash": "sha256-l0KFg5HjrsfsO/JpG+r7fRrqm12kzFHyUHqHCVpMMbI=",
        "owner": "numtide",
        "repo": "flake-utils",
        "rev": "11707dc2f618dd54ca8739b309ec4fc024de578b",
        "type": "github"
      },
      "original": {
        "owner": "numtide",
        "repo": "flake-utils",
        "type": "github"
      }
    },
    "home-manager": {
      "inputs": {
        "nixpkgs": [
          "nixpkgs"
        ]
      },
      "locked": {
        "lastModified": 1744808429,
        "narHash": "sha256-veWTW76HIWKRVWJMG5CDpAdD/zd0ViGeETFDG9dU4qQ=",
        "owner": "nix-community",
        "repo": "home-manager",
        "rev": "401e7b544e7c8e8a59f4ec7f1745f7619bbfbde3",
        "type": "github"
      },
      "original": {
        "owner": "nix-community",
        "repo": "home-manager",
        "type": "github"
      }
    },
    "ixx": {
      "inputs": {
        "flake-utils": [
          "nixvim",
          "nuschtosSearch",
          "flake-utils"
        ],
        "nixpkgs": [
          "nixvim",
          "nuschtosSearch",
          "nixpkgs"
        ]
      },
      "locked": {
        "lastModified": 1729958008,
        "narHash": "sha256-EiOq8jF4Z/zQe0QYVc3+qSKxRK//CFHMB84aYrYGwEs=",
        "owner": "NuschtOS",
        "repo": "ixx",
        "rev": "9fd01aad037f345350eab2cd45e1946cc66da4eb",
        "type": "github"
      },
      "original": {
        "owner": "NuschtOS",
        "ref": "v0.0.6",
        "repo": "ixx",
        "type": "github"
      }
    },
    "nixos-cosmic": {
      "inputs": {
        "flake-compat": "flake-compat",
        "nixpkgs": [
          "nixpkgs"
        ],
        "nixpkgs-stable": "nixpkgs-stable",
        "rust-overlay": "rust-overlay"
      },
      "locked": {
        "lastModified": 1744801779,
        "narHash": "sha256-nbEIUDDkXGwqXfz+6yNwG+pDMqjXr7SEc3He9uQv7Fo=",
        "owner": "lilyinstarlight",
        "repo": "nixos-cosmic",
        "rev": "0422169b114f3b55dd1c339b654a7b8b3b8a2573",
        "type": "github"
      },
      "original": {
        "owner": "lilyinstarlight",
        "repo": "nixos-cosmic",
        "type": "github"
      }
    },
    "nixpkgs": {
      "locked": {
        "lastModified": 1744463964,
        "narHash": "sha256-LWqduOgLHCFxiTNYi3Uj5Lgz0SR+Xhw3kr/3Xd0GPTM=",
        "owner": "nixos",
        "repo": "nixpkgs",
        "rev": "2631b0b7abcea6e640ce31cd78ea58910d31e650",
        "type": "github"
      },
      "original": {
        "owner": "nixos",
        "ref": "nixos-unstable",
        "repo": "nixpkgs",
        "type": "github"
      }
    },
    "nixpkgs-stable": {
      "locked": {
        "lastModified": 1744440957,
        "narHash": "sha256-FHlSkNqFmPxPJvy+6fNLaNeWnF1lZSgqVCl/eWaJRc4=",
        "owner": "NixOS",
        "repo": "nixpkgs",
        "rev": "26d499fc9f1d567283d5d56fcf367edd815dba1d",
        "type": "github"
      },
      "original": {
        "owner": "NixOS",
        "ref": "nixos-24.11",
        "repo": "nixpkgs",
        "type": "github"
      }
    },
    "nixpkgs_2": {
      "locked": {
        "lastModified": 1744157173,
        "narHash": "sha256-bWSjxDwq7iVePrhmA7tY2dyMWHuNJo8knkO4y+q4ZkY=",
        "owner": "NixOS",
        "repo": "nixpkgs",
        "rev": "6a39c6e495eefabc935d8ddf66aa45d85b85fa3f",
        "type": "github"
      },
      "original": {
        "owner": "NixOS",
        "ref": "nixpkgs-unstable",
        "repo": "nixpkgs",
        "type": "github"
      }
    },
    "nixvim": {
      "inputs": {
        "flake-parts": "flake-parts",
        "nixpkgs": "nixpkgs_2",
        "nuschtosSearch": "nuschtosSearch"
      },
      "locked": {
        "lastModified": 1744753228,
        "narHash": "sha256-Re8g2pby4sr4hgzJmQJxeH/9PtgX85nivkWibapRI5s=",
        "owner": "nix-community",
        "repo": "nixvim",
        "rev": "d4dada282aeac94b5d53dd70e276a2f5f534f783",
        "type": "github"
      },
      "original": {
        "owner": "nix-community",
        "repo": "nixvim",
        "type": "github"
      }
    },
    "nuschtosSearch": {
      "inputs": {
        "flake-utils": "flake-utils",
        "ixx": "ixx",
        "nixpkgs": [
          "nixvim",
          "nixpkgs"
        ]
      },
      "locked": {
        "lastModified": 1743683223,
        "narHash": "sha256-LdXtHFvhEC3S64dphap1pkkzwjErbW65eH1VRerCUT0=",
        "owner": "NuschtOS",
        "repo": "search",
        "rev": "56a49ffef2908dad1e9a8adef1f18802bc760962",
        "type": "github"
      },
      "original": {
        "owner": "NuschtOS",
        "repo": "search",
        "type": "github"
      }
    },
    "root": {
      "inputs": {
        "auto-cpufreq": "auto-cpufreq",
        "home-manager": "home-manager",
        "nixos-cosmic": "nixos-cosmic",
        "nixpkgs": "nixpkgs",
        "nixvim": "nixvim"
      }
    },
    "rust-overlay": {
      "inputs": {
        "nixpkgs": [
          "nixos-cosmic",
          "nixpkgs"
        ]
      },
      "locked": {
        "lastModified": 1744770893,
        "narHash": "sha256-RMyTyFHN3w8zwfpgvcfRHQ4vX4zTqhuZbif/MXROtx8=",
        "owner": "oxalica",
        "repo": "rust-overlay",
        "rev": "1633514603fc0ed15ea0aef7327e26736ec003c0",
        "type": "github"
      },
      "original": {
        "owner": "oxalica",
        "repo": "rust-overlay",
        "type": "github"
      }
    },
    "systems": {
      "locked": {
        "lastModified": 1681028828,
        "narHash": "sha256-Vy1rq5AaRuLzOxct8nz4T6wlgyUR7zLU309k9mBC768=",
        "owner": "nix-systems",
        "repo": "default",
        "rev": "da67096a3b9bf56a91d16901293e51ba5b49a27e",
        "type": "github"
      },
      "original": {
        "owner": "nix-systems",
        "repo": "default",
        "type": "github"
      }
    }
  },
  "root": "root",
  "version": 7
}
